
Microsoft Visual Studio Solution File, Format Version 12.00
# Visual Studio Version 16
VisualStudioVersion = 16.0.28902.138
MinimumVisualStudioVersion = 10.0.40219.1
Project("{FAE04EC0-301F-11D3-BF4B-00C04F79EFBC}") = "IngilizceKelimeOgreniyorum", "IngilizceKelimeOgreniyorum\IngilizceKelimeOgreniyorum.csproj", "{0419A780-FB23-4BCF-A3BA-4499FA0D2154}"
EndProject
Project("{54435603-DBB4-11D2-8724-00A0C9A8B90C}") = "ZobooSetup", "ZobooSetup\ZobooSetup.vdproj", "{53BB5245-7ECF-471F-B3B6-A5A326C5BBBF}"
EndProject
Global
	GlobalSection(SolutionConfigurationPlatforms) = preSolution
		Debug|Any CPU = Debug|Any CPU
		Release|Any CPU = Release|Any CPU
	EndGlobalSection
	GlobalSection(ProjectConfigurationPlatforms) = postSolution
		{0419A780-FB23-4BCF-A3BA-4499FA0D2154}.Debug|Any CPU.ActiveCfg = Debug|Any CPU
		{0419A780-FB23-4BCF-A3BA-4499FA0D2154}.Debug|Any CPU.Build.0 = Debug|Any CPU
		{0419A780-FB23-4BCF-A3BA-4499FA0D2154}.Release|Any CPU.ActiveCfg = Release|Any CPU
		{0419A780-FB23-4BCF-A3BA-4499FA0D2154}.Release|Any CPU.Build.0 = Release|Any CPU
		{53BB5245-7ECF-471F-B3B6-A5A326C5BBBF}.Debug|Any CPU.ActiveCfg = Debug
		{53BB5245-7ECF-471F-B3B6-A5A326C5BBBF}.Release|Any CPU.ActiveCfg = Release
	EndGlobalSection
	GlobalSection(SolutionProperties) = preSolution
		HideSolutionNode = FALSE
	EndGlobalSection
	GlobalSection(ExtensibilityGlobals) = postSolution
		SolutionGuid = {6D7D139A-9F14-4F53-8C02-10DC092F5F7B}
	EndGlobalSection
EndGlobal
